// !$*UTF8*$!
{
	archiveVersion = 1;
	classes = {
	};
	objectVersion = 50;
	objects = {

/* Begin PBXBuildFile section */
		F704C98F2408ED4A00AF5D1F /* AppDelegate.swift in Sources */ = {isa = PBXBuildFile; fileRef = F704C98E2408ED4A00AF5D1F /* AppDelegate.swift */; };
		F704C9912408ED4A00AF5D1F /* SceneDelegate.swift in Sources */ = {isa = PBXBuildFile; fileRef = F704C9902408ED4A00AF5D1F /* SceneDelegate.swift */; };
		F704C9932408ED4A00AF5D1F /* ContentView.swift in Sources */ = {isa = PBXBuildFile; fileRef = F704C9922408ED4A00AF5D1F /* ContentView.swift */; };
		F704C9952408ED4D00AF5D1F /* Assets.xcassets in Resources */ = {isa = PBXBuildFile; fileRef = F704C9942408ED4D00AF5D1F /* Assets.xcassets */; };
		F704C9982408ED4D00AF5D1F /* Preview Assets.xcassets in Resources */ = {isa = PBXBuildFile; fileRef = F704C9972408ED4D00AF5D1F /* Preview Assets.xcassets */; };
		F704C99B2408ED4D00AF5D1F /* LaunchScreen.storyboard in Resources */ = {isa = PBXBuildFile; fileRef = F704C9992408ED4D00AF5D1F /* LaunchScreen.storyboard */; };
		F704C9A32408F05B00AF5D1F /* CurrencyList.swift in Sources */ = {isa = PBXBuildFile; fileRef = F704C9A22408F05B00AF5D1F /* CurrencyList.swift */; };
		F704C9A52408F12700AF5D1F /* CurrencyData.swift in Sources */ = {isa = PBXBuildFile; fileRef = F704C9A42408F12700AF5D1F /* CurrencyData.swift */; };
		F704C9A72408FAA000AF5D1F /* AddCurrencyView.swift in Sources */ = {isa = PBXBuildFile; fileRef = F704C9A62408FAA000AF5D1F /* AddCurrencyView.swift */; };
		F704C9A92408FB7D00AF5D1F /* UserData.swift in Sources */ = {isa = PBXBuildFile; fileRef = F704C9A82408FB7D00AF5D1F /* UserData.swift */; };
		F704C9AB240904DD00AF5D1F /* CurrencyItemView.swift in Sources */ = {isa = PBXBuildFile; fileRef = F704C9AA240904DD00AF5D1F /* CurrencyItemView.swift */; };
/* End PBXBuildFile section */

/* Begin PBXFileReference section */
		F704C98B2408ED4A00AF5D1F /* Currency.app */ = {isa = PBXFileReference; explicitFileType = wrapper.application; includeInIndex = 0; path = Currency.app; sourceTree = BUILT_PRODUCTS_DIR; };
		F704C98E2408ED4A00AF5D1F /* AppDelegate.swift */ = {isa = PBXFileReference; lastKnownFileType = sourcecode.swift; path = AppDelegate.swift; sourceTree = "<group>"; };
		F704C9902408ED4A00AF5D1F /* SceneDelegate.swift */ = {isa = PBXFileReference; lastKnownFileType = sourcecode.swift; path = SceneDelegate.swift; sourceTree = "<group>"; };
		F704C9922408ED4A00AF5D1F /* ContentView.swift */ = {isa = PBXFileReference; lastKnownFileType = sourcecode.swift; path = ContentView.swift; sourceTree = "<group>"; };
		F704C9942408ED4D00AF5D1F /* Assets.xcassets */ = {isa = PBXFileReference; lastKnownFileType = folder.assetcatalog; path = Assets.xcassets; sourceTree = "<group>"; };
		F704C9972408ED4D00AF5D1F /* Preview Assets.xcassets */ = {isa = PBXFileReference; lastKnownFileType = folder.assetcatalog; path = "Preview Assets.xcassets"; sourceTree = "<group>"; };
		F704C99A2408ED4D00AF5D1F /* Base */ = {isa = PBXFileReference; lastKnownFileType = file.storyboard; name = Base; path = Base.lproj/LaunchScreen.storyboard; sourceTree = "<group>"; };
		F704C99C2408ED4D00AF5D1F /* Info.plist */ = {isa = PBXFileReference; lastKnownFileType = text.plist.xml; path = Info.plist; sourceTree = "<group>"; };
		F704C9A22408F05B00AF5D1F /* CurrencyList.swift */ = {isa = PBXFileReference; lastKnownFileType = sourcecode.swift; path = CurrencyList.swift; sourceTree = "<group>"; };
		F704C9A42408F12700AF5D1F /* CurrencyData.swift */ = {isa = PBXFileReference; lastKnownFileType = sourcecode.swift; path = CurrencyData.swift; sourceTree = "<group>"; };
		F704C9A62408FAA000AF5D1F /* AddCurrencyView.swift */ = {isa = PBXFileReference; lastKnownFileType = sourcecode.swift; path = AddCurrencyView.swift; sourceTree = "<group>"; };
		F704C9A82408FB7D00AF5D1F /* UserData.swift */ = {isa = PBXFileReference; lastKnownFileType = sourcecode.swift; path = UserData.swift; sourceTree = "<group>"; };
		F704C9AA240904DD00AF5D1F /* CurrencyItemView.swift */ = {isa = PBXFileReference; lastKnownFileType = sourcecode.swift; path = CurrencyItemView.swift; sourceTree = "<group>"; };
/* End PBXFileReference section */

/* Begin PBXFrameworksBuildPhase section */
		F704C9882408ED4A00AF5D1F /* Frameworks */ = {
			isa = PBXFrameworksBuildPhase;
			buildActionMask = 2147483647;
			files = (
			);
			runOnlyForDeploymentPostprocessing = 0;
		};
/* End PBXFrameworksBuildPhase section */

/* Begin PBXGroup section */
		F704C9822408ED4A00AF5D1F = {
			isa = PBXGroup;
			children = (
				F704C98D2408ED4A00AF5D1F /* Currency */,
				F704C98C2408ED4A00AF5D1F /* Products */,
			);
			sourceTree = "<group>";
		};
		F704C98C2408ED4A00AF5D1F /* Products */ = {
			isa = PBXGroup;
			children = (
				F704C98B2408ED4A00AF5D1F /* Currency.app */,
			);
			name = Products;
			sourceTree = "<group>";
		};
		F704C98D2408ED4A00AF5D1F /* Currency */ = {
			isa = PBXGroup;
			children = (
				F704C98E2408ED4A00AF5D1F /* AppDelegate.swift */,
				F704C9902408ED4A00AF5D1F /* SceneDelegate.swift */,
				F704C9922408ED4A00AF5D1F /* ContentView.swift */,
				F704C9A22408F05B00AF5D1F /* CurrencyList.swift */,
				F704C9A42408F12700AF5D1F /* CurrencyData.swift */,
				F704C9A62408FAA000AF5D1F /* AddCurrencyView.swift */,
				F704C9A82408FB7D00AF5D1F /* UserData.swift */,
				F704C9AA240904DD00AF5D1F /* CurrencyItemView.swift */,
				F704C9942408ED4D00AF5D1F /* Assets.xcassets */,
				F704C9992408ED4D00AF5D1F /* LaunchScreen.storyboard */,
				F704C99C2408ED4D00AF5D1F /* Info.plist */,
				F704C9962408ED4D00AF5D1F /* Preview Content */,
			);
			path = Currency;
			sourceTree = "<group>";
		};
		F704C9962408ED4D00AF5D1F /* Preview Content */ = {
			isa = PBXGroup;
			children = (
				F704C9972408ED4D00AF5D1F /* Preview Assets.xcassets */,
			);
			path = "Preview Content";
			sourceTree = "<group>";
		};
/* End PBXGroup section */

/* Begin PBXNativeTarget section */
		F704C98A2408ED4A00AF5D1F /* Currency */ = {
			isa = PBXNativeTarget;
			buildConfigurationList = F704C99F2408ED4D00AF5D1F /* Build configuration list for PBXNativeTarget "Currency" */;
			buildPhases = (
				F704C9872408ED4A00AF5D1F /* Sources */,
				F704C9882408ED4A00AF5D1F /* Frameworks */,
				F704C9892408ED4A00AF5D1F /* Resources */,
			);
			buildRules = (
			);
			dependencies = (
			);
			name = Currency;
			productName = Currency;
			productReference = F704C98B2408ED4A00AF5D1F /* Currency.app */;
			productType = "com.apple.product-type.application";
		};
/* End PBXNativeTarget section */

/* Begin PBXProject section */
		F704C9832408ED4A00AF5D1F /* Project object */ = {
			isa = PBXProject;
			attributes = {
				LastSwiftUpdateCheck = 1130;
				LastUpgradeCheck = 1130;
				ORGANIZATIONNAME = CQL;
				TargetAttributes = {
					F704C98A2408ED4A00AF5D1F = {
						CreatedOnToolsVersion = 11.3.1;
					};
				};
			};
			buildConfigurationList = F704C9862408ED4A00AF5D1F /* Build configuration list for PBXProject "Currency" */;
			compatibilityVersion = "Xcode 9.3";
			developmentRegion = en;
			hasScannedForEncodings = 0;
			knownRegions = (
				en,
				Base,
			);
			mainGroup = F704C9822408ED4A00AF5D1F;
			productRefGroup = F704C98C2408ED4A00AF5D1F /* Products */;
			projectDirPath = "";
			projectRoot = "";
			targets = (
				F704C98A2408ED4A00AF5D1F /* Currency */,
			);
		};
/* End PBXProject section */

/* Begin PBXResourcesBuildPhase section */
		F704C9892408ED4A00AF5D1F /* Resources */ = {
			isa = PBXResourcesBuildPhase;
			buildActionMask = 2147483647;
			files = (
				F704C99B2408ED4D00AF5D1F /* LaunchScreen.storyboard in Resources */,
				F704C9982408ED4D00AF5D1F /* Preview Assets.xcassets in Resources */,
				F704C9952408ED4D00AF5D1F /* Assets.xcassets in Resources */,
			);
			runOnlyForDeploymentPostprocessing = 0;
		};
/* End PBXResourcesBuildPhase section */

/* Begin PBXSourcesBuildPhase section */
		F704C9872408ED4A00AF5D1F /* Sources */ = {
			isa = PBXSourcesBuildPhase;
			buildActionMask = 2147483647;
			files = (
				F704C9A32408F05B00AF5D1F /* CurrencyList.swift in Sources */,
				F704C98F2408ED4A00AF5D1F /* AppDelegate.swift in Sources */,
				F704C9A92408FB7D00AF5D1F /* UserData.swift in Sources */,
				F704C9912408ED4A00AF5D1F /* SceneDelegate.swift in Sources */,
				F704C9A52408F12700AF5D1F /* CurrencyData.swift in Sources */,
				F704C9932408ED4A00AF5D1F /* ContentView.swift in Sources */,
				F704C9AB240904DD00AF5D1F /* CurrencyItemView.swift in Sources */,
				F704C9A72408FAA000AF5D1F /* AddCurrencyView.swift in Sources */,
			);
			runOnlyForDeploymentPostprocessing = 0;
		};
/* End PBXSourcesBuildPhase section */

/* Begin PBXVariantGroup section */
		F704C9992408ED4D00AF5D1F /* LaunchScreen.storyboard */ = {
			isa = PBXVariantGroup;
			children = (
				F704C99A2408ED4D00AF5D1F /* Base */,
			);
			name = LaunchScreen.storyboard;
			sourceTree = "<group>";
		};
/* End PBXVariantGroup section */

/* Begin XCBuildConfiguration section */
		F704C99D2408ED4D00AF5D1F /* Debug */ = {
			isa = XCBuildConfiguration;
			buildSettings = {
				ALWAYS_SEARCH_USER_PATHS = NO;
				CLANG_ANALYZER_NONNULL = YES;
				CLANG_ANALYZER_NUMBER_OBJECT_CONVERSION = YES_AGGRESSIVE;
				CLANG_CXX_LANGUAGE_STANDARD = "gnu++14";
				CLANG_CXX_LIBRARY = "libc++";
				CLANG_ENABLE_MODULES = YES;
				CLANG_ENABLE_OBJC_ARC = YES;
				CLANG_ENABLE_OBJC_WEAK = YES;
				CLANG_WARN_BLOCK_CAPTURE_AUTORELEASING = YES;
				CLANG_WARN_BOOL_CONVERSION = YES;
				CLANG_WARN_COMMA = YES;
				CLANG_WARN_CONSTANT_CONVERSION = YES;
				CLANG_WARN_DEPRECATED_OBJC_IMPLEMENTATIONS = YES;
				CLANG_WARN_DIRECT_OBJC_ISA_USAGE = YES_ERROR;
				CLANG_WARN_DOCUMENTATION_COMMENTS = YES;
				CLANG_WARN_EMPTY_BODY = YES;
				CLANG_WARN_ENUM_CONVERSION = YES;
				CLANG_WARN_INFINITE_RECURSION = YES;
				CLANG_WARN_INT_CONVERSION = YES;
				CLANG_WARN_NON_LITERAL_NULL_CONVERSION = YES;
				CLANG_WARN_OBJC_IMPLICIT_RETAIN_SELF = YES;
				CLANG_WARN_OBJC_LITERAL_CONVERSION = YES;
				CLANG_WARN_OBJC_ROOT_CLASS = YES_ERROR;
				CLANG_WARN_RANGE_LOOP_ANALYSIS = YES;
				CLANG_WARN_STRICT_PROTOTYPES = YES;
				CLANG_WARN_SUSPICIOUS_MOVE = YES;
				CLANG_WARN_UNGUARDED_AVAILABILITY = YES_AGGRESSIVE;
				CLANG_WARN_UNREACHABLE_CODE = YES;
				CLANG_WARN__DUPLICATE_METHOD_MATCH = YES;
				COPY_PHASE_STRIP = NO;
				DEBUG_INFORMATION_FORMAT = dwarf;
				ENABLE_STRICT_OBJC_MSGSEND = YES;
				ENABLE_TESTABILITY = YES;
				GCC_C_LANGUAGE_STANDARD = gnu11;
				GCC_DYNAMIC_NO_PIC = NO;
				GCC_NO_COMMON_BLOCKS = YES;
				GCC_OPTIMIZATION_LEVEL = 0;
				GCC_PREPROCESSOR_DEFINITIONS = (
					"DEBUG=1",
					"$(inherited)",
				);
				GCC_WARN_64_TO_32_BIT_CONVERSION = YES;
				GCC_WARN_ABOUT_RETURN_TYPE = YES_ERROR;
				GCC_WARN_UNDECLARED_SELECTOR = YES;
				GCC_WARN_UNINITIALIZED_AUTOS = YES_AGGRESSIVE;
				GCC_WARN_UNUSED_FUNCTION = YES;
				GCC_WARN_UNUSED_VARIABLE = YES;
				IPHONEOS_DEPLOYMENT_TARGET = 13.2;
				MTL_ENABLE_DEBUG_INFO = INCLUDE_SOURCE;
				MTL_FAST_MATH = YES;
				ONLY_ACTIVE_ARCH = YES;
				SDKROOT = iphoneos;
				SWIFT_ACTIVE_COMPILATION_CONDITIONS = DEBUG;
				SWIFT_OPTIMIZATION_LEVEL = "-Onone";
			};
			name = Debug;
		};
		F704C99E2408ED4D00AF5D1F /* Release */ = {
			isa = XCBuildConfiguration;
			buildSettings = {
				ALWAYS_SEARCH_USER_PATHS = NO;
				CLANG_ANALYZER_NONNULL = YES;
				CLANG_ANALYZER_NUMBER_OBJECT_CONVERSION = YES_AGGRESSIVE;
				CLANG_CXX_LANGUAGE_STANDARD = "gnu++14";
				CLANG_CXX_LIBRARY = "libc++";
				CLANG_ENABLE_MODULES = YES;
				CLANG_ENABLE_OBJC_ARC = YES;
				CLANG_ENABLE_OBJC_WEAK = YES;
				CLANG_WARN_BLOCK_CAPTURE_AUTORELEASING = YES;
				CLANG_WARN_BOOL_CONVERSION = YES;
				CLANG_WARN_COMMA = YES;
				CLANG_WARN_CONSTANT_CONVERSION = YES;
				CLANG_WARN_DEPRECATED_OBJC_IMPLEMENTATIONS = YES;
				CLANG_WARN_DIRECT_OBJC_ISA_USAGE = YES_ERROR;
				CLANG_WARN_DOCUMENTATION_COMMENTS = YES;
				CLANG_WARN_EMPTY_BODY = YES;
				CLANG_WARN_ENUM_CONVERSION = YES;
				CLANG_WARN_INFINITE_RECURSION = YES;
				CLANG_WARN_INT_CONVERSION = YES;
				CLANG_WARN_NON_LITERAL_NULL_CONVERSION = YES;
				CLANG_WARN_OBJC_IMPLICIT_RETAIN_SELF = YES;
				CLANG_WARN_OBJC_LITERAL_CONVERSION = YES;
				CLANG_WARN_OBJC_ROOT_CLASS = YES_ERROR;
				CLANG_WARN_RANGE_LOOP_ANALYSIS = YES;
				CLANG_WARN_STRICT_PROTOTYPES = YES;
				CLANG_WARN_SUSPICIOUS_MOVE = YES;
				CLANG_WARN_UNGUARDED_AVAILABILITY = YES_AGGRESSIVE;
				CLANG_WARN_UNREACHABLE_CODE = YES;
				CLANG_WARN__DUPLICATE_METHOD_MATCH = YES;
				COPY_PHASE_STRIP = NO;
				DEBUG_INFORMATION_FORMAT = "dwarf-with-dsym";
				ENABLE_NS_ASSERTIONS = NO;
				ENABLE_STRICT_OBJC_MSGSEND = YES;
				GCC_C_LANGUAGE_STANDARD = gnu11;
				GCC_NO_COMMON_BLOCKS = YES;
				GCC_WARN_64_TO_32_BIT_CONVERSION = YES;
				GCC_WARN_ABOUT_RETURN_TYPE = YES_ERROR;
				GCC_WARN_UNDECLARED_SELECTOR = YES;
				GCC_WARN_UNINITIALIZED_AUTOS = YES_AGGRESSIVE;
				GCC_WARN_UNUSED_FUNCTION = YES;
				GCC_WARN_UNUSED_VARIABLE = YES;
				IPHONEOS_DEPLOYMENT_TARGET = 13.2;
				MTL_ENABLE_DEBUG_INFO = NO;
				MTL_FAST_MATH = YES;
				SDKROOT = iphoneos;
				SWIFT_COMPILATION_MODE = wholemodule;
				SWIFT_OPTIMIZATION_LEVEL = "-O";
				VALIDATE_PRODUCT = YES;
			};
			name = Release;
		};
		F704C9A02408ED4D00AF5D1F /* Debug */ = {
			isa = XCBuildConfiguration;
			buildSettings = {
				ASSETCATALOG_COMPILER_APPICON_NAME = AppIcon;
				CODE_SIGN_STYLE = Automatic;
				DEVELOPMENT_ASSET_PATHS = "\"Currency/Preview Content\"";
				DEVELOPMENT_TEAM = 226YH5AK6L;
				ENABLE_PREVIEWS = YES;
				INFOPLIST_FILE = Currency/Info.plist;
				LD_RUNPATH_SEARCH_PATHS = (
					"$(inherited)",
					"@executable_path/Frameworks",
				);
				PRODUCT_BUNDLE_IDENTIFIER = QL.Currency;
				PRODUCT_NAME = "$(TARGET_NAME)";
				SWIFT_VERSION = 5.0;
				TARGETED_DEVICE_FAMILY = "1,2";
			};
			name = Debug;
		};
		F704C9A12408ED4D00AF5D1F /* Release */ = {
			isa = XCBuildConfiguration;
			buildSettings = {
				ASSETCATALOG_COMPILER_APPICON_NAME = AppIcon;
				CODE_SIGN_STYLE = Automatic;
				DEVELOPMENT_ASSET_PATHS = "\"Currency/Preview Content\"";
				DEVELOPMENT_TEAM = 226YH5AK6L;
				ENABLE_PREVIEWS = YES;
				INFOPLIST_FILE = Currency/Info.plist;
				LD_RUNPATH_SEARCH_PATHS = (
					"$(inherited)",
					"@executable_path/Frameworks",
				);
				PRODUCT_BUNDLE_IDENTIFIER = QL.Currency;
				PRODUCT_NAME = "$(TARGET_NAME)";
				SWIFT_VERSION = 5.0;
				TARGETED_DEVICE_FAMILY = "1,2";
			};
			name = Release;
		};
/* End XCBuildConfiguration section */

/* Begin XCConfigurationList section */
		F704C9862408ED4A00AF5D1F /* Build configuration list for PBXProject "Currency" */ = {
			isa = XCConfigurationList;
			buildConfigurations = (
				F704C99D2408ED4D00AF5D1F /* Debug */,
				F704C99E2408ED4D00AF5D1F /* Release */,
			);
			defaultConfigurationIsVisible = 0;
			defaultConfigurationName = Release;
		};
		F704C99F2408ED4D00AF5D1F /* Build configuration list for PBXNativeTarget "Currency" */ = {
			isa = XCConfigurationList;
			buildConfigurations = (
				F704C9A02408ED4D00AF5D1F /* Debug */,
				F704C9A12408ED4D00AF5D1F /* Release */,
			);
			defaultConfigurationIsVisible = 0;
			defaultConfigurationName = Release;
		};
/* End XCConfigurationList section */
	};
	rootObject = F704C9832408ED4A00AF5D1F /* Project object */;
}
